
Microsoft Visual Studio Solution File, Format Version 12.00
# Visual Studio Version 17
VisualStudioVersion = 17.2.32505.173
MinimumVisualStudioVersion = 10.0.40219.1
Project("{FAE04EC0-301F-11D3-BF4B-00C04F79EFBC}") = "automobile", "automobile\automobile.csproj", "{A72D0CF4-E9CE-4694-B432-D8280F783C1A}"
EndProject
Global
	GlobalSection(SolutionConfigurationPlatforms) = preSolution
		Debug|Any CPU = Debug|Any CPU
		Release|Any CPU = Release|Any CPU
	EndGlobalSection
	GlobalSection(ProjectConfigurationPlatforms) = postSolution
		{A72D0CF4-E9CE-4694-B432-D8280F783C1A}.Debug|Any CPU.ActiveCfg = Debug|Any CPU
		{A72D0CF4-E9CE-4694-B432-D8280F783C1A}.Debug|Any CPU.Build.0 = Debug|Any CPU
		{A72D0CF4-E9CE-4694-B432-D8280F783C1A}.Release|Any CPU.ActiveCfg = Release|Any CPU
		{A72D0CF4-E9CE-4694-B432-D8280F783C1A}.Release|Any CPU.Build.0 = Release|Any CPU
	EndGlobalSection
	GlobalSection(SolutionProperties) = preSolution
		HideSolutionNode = FALSE
	EndGlobalSection
	GlobalSection(ExtensibilityGlobals) = postSolution
		SolutionGuid = {B80B90D5-BCD7-43D2-977C-93186A4F6CDC}
	EndGlobalSection
EndGlobal
